
Microsoft Visual Studio Solution File, Format Version 12.00
# Visual Studio 15
VisualStudioVersion = 15.0.27130.2010
MinimumVisualStudioVersion = 10.0.40219.1
Project("{9A19103F-16F7-4668-BE54-9A1E7A4F7556}") = "WebApi", "WebApi/WebApi.csproj", "{23915757-A0D0-4CE9-AEA4-BA1A3B766915}"
EndProject
Global
	GlobalSection(SolutionConfigurationPlatforms) = preSolution
		Debug|Any CPU = Debug|Any CPU
		Release|Any CPU = Release|Any CPU
	EndGlobalSection
	GlobalSection(ProjectConfigurationPlatforms) = postSolution
		{23915757-A0D0-4CE9-AEA4-BA1A3B766915}.Debug|Any CPU.ActiveCfg = Debug|Any CPU
		{23915757-A0D0-4CE9-AEA4-BA1A3B766915}.Debug|Any CPU.Build.0 = Debug|Any CPU
		{23915757-A0D0-4CE9-AEA4-BA1A3B766915}.Release|Any CPU.ActiveCfg = Release|Any CPU
		{23915757-A0D0-4CE9-AEA4-BA1A3B766915}.Release|Any CPU.Build.0 = Release|Any CPU
		{18477D66-E74A-4F63-8FC7-BC10836F0CA5}.Debug|Any CPU.ActiveCfg = Debug|Any CPU
		{18477D66-E74A-4F63-8FC7-BC10836F0CA5}.Debug|Any CPU.Build.0 = Debug|Any CPU
		{18477D66-E74A-4F63-8FC7-BC10836F0CA5}.Release|Any CPU.ActiveCfg = Release|Any CPU
		{18477D66-E74A-4F63-8FC7-BC10836F0CA5}.Release|Any CPU.Build.0 = Release|Any CPU
	EndGlobalSection
	GlobalSection(SolutionProperties) = preSolution
		HideSolutionNode = FALSE
	EndGlobalSection
	GlobalSection(ExtensibilityGlobals) = postSolution
		SolutionGuid = {055CA9E1-B240-4939-A38E-C50A122523AE}
	EndGlobalSection
EndGlobal
